
Microsoft Visual Studio Solution File, Format Version 12.00
# Visual Studio Version 17
VisualStudioVersion = 17.5.33402.96
MinimumVisualStudioVersion = 10.0.40219.1
Project("{9A19103F-16F7-4668-BE54-9A1E7A4F7556}") = "TwitPoster.Web", "src\TwitPoster.Web\TwitPoster.Web.csproj", "{7AB9B738-95C1-4B3D-8F18-C16A945F42D4}"
EndProject
Project("{9A19103F-16F7-4668-BE54-9A1E7A4F7556}") = "TwitPoster.DAL", "src\TwitPoster.DAL\TwitPoster.DAL.csproj", "{6BB443F2-0574-490B-A583-5DBFE9102095}"
EndProject
Project("{9A19103F-16F7-4668-BE54-9A1E7A4F7556}") = "TwitPoster.BLL", "src\TwitPoster.BLL\TwitPoster.BLL.csproj", "{77661461-19E0-4B35-9942-9A9A4CD389D6}"
EndProject
Project("{9A19103F-16F7-4668-BE54-9A1E7A4F7556}") = "TwitPoster.Web.Tests", "tests\TwitPoster.Web.Tests\TwitPoster.Web.Tests.csproj", "{55E39A8B-14F7-49CB-88BE-D88B59E294A0}"
EndProject
Project("{9A19103F-16F7-4668-BE54-9A1E7A4F7556}") = "TwitPoster.BLL.Tests", "tests\TwitPoster.BLL.Tests\TwitPoster.BLL.Tests.csproj", "{C09CCE9E-1EE1-44D8-B2A6-020DDE3FE21D}"
EndProject
Project("{2150E333-8FDC-42A3-9474-1A3956D46DE8}") = "tests", "tests", "{EE37553A-DE5B-441C-8490-0DFD3767E108}"
EndProject
Project("{2150E333-8FDC-42A3-9474-1A3956D46DE8}") = "Solution Items", "Solution Items", "{71875216-1BDA-4582-B6D2-F2084394B3F4}"
	ProjectSection(SolutionItems) = preProject
		.editorconfig = .editorconfig
		Directory.Build.props = Directory.Build.props
		Directory.Packages.props = Directory.Packages.props
		nuget.config = nuget.config
		..\.github\workflows\TwitPoster.build.yml = ..\.github\workflows\TwitPoster.build.yml
		..\.github\workflows\build-artifacts.yml = ..\.github\workflows\build-artifacts.yml
		..\.github\workflows\shared-deploy.yml = ..\.github\workflows\shared-deploy.yml
		..\.github\workflows\shared-twitposter-deploy.yml = ..\.github\workflows\shared-twitposter-deploy.yml
		..\.github\workflows\shared-twitposter-emailsender-deploy.yml = ..\.github\workflows\shared-twitposter-emailsender-deploy.yml
		..\.github\workflows\shared-functions-deploy.yml = ..\.github\workflows\shared-functions-deploy.yml
	EndProjectSection
EndProject
Project("{2150E333-8FDC-42A3-9474-1A3956D46DE8}") = "src", "src", "{2A707CE7-1249-4CBB-AEF1-E420C976C354}"
EndProject
Project("{9A19103F-16F7-4668-BE54-9A1E7A4F7556}") = "TwitPoster.IntegrationTests", "tests\TwitPoster.IntegrationTests\TwitPoster.IntegrationTests.csproj", "{B439BB04-2F4D-4BE0-BAE5-467AEF654F5D}"
EndProject
Global
	GlobalSection(SolutionConfigurationPlatforms) = preSolution
		Debug|Any CPU = Debug|Any CPU
		Release|Any CPU = Release|Any CPU
	EndGlobalSection
	GlobalSection(ProjectConfigurationPlatforms) = postSolution
		{7AB9B738-95C1-4B3D-8F18-C16A945F42D4}.Debug|Any CPU.ActiveCfg = Debug|Any CPU
		{7AB9B738-95C1-4B3D-8F18-C16A945F42D4}.Debug|Any CPU.Build.0 = Debug|Any CPU
		{7AB9B738-95C1-4B3D-8F18-C16A945F42D4}.Release|Any CPU.ActiveCfg = Release|Any CPU
		{7AB9B738-95C1-4B3D-8F18-C16A945F42D4}.Release|Any CPU.Build.0 = Release|Any CPU
		{6BB443F2-0574-490B-A583-5DBFE9102095}.Debug|Any CPU.ActiveCfg = Debug|Any CPU
		{6BB443F2-0574-490B-A583-5DBFE9102095}.Debug|Any CPU.Build.0 = Debug|Any CPU
		{6BB443F2-0574-490B-A583-5DBFE9102095}.Release|Any CPU.ActiveCfg = Release|Any CPU
		{6BB443F2-0574-490B-A583-5DBFE9102095}.Release|Any CPU.Build.0 = Release|Any CPU
		{77661461-19E0-4B35-9942-9A9A4CD389D6}.Debug|Any CPU.ActiveCfg = Debug|Any CPU
		{77661461-19E0-4B35-9942-9A9A4CD389D6}.Debug|Any CPU.Build.0 = Debug|Any CPU
		{77661461-19E0-4B35-9942-9A9A4CD389D6}.Release|Any CPU.ActiveCfg = Release|Any CPU
		{77661461-19E0-4B35-9942-9A9A4CD389D6}.Release|Any CPU.Build.0 = Release|Any CPU
		{55E39A8B-14F7-49CB-88BE-D88B59E294A0}.Debug|Any CPU.ActiveCfg = Debug|Any CPU
		{55E39A8B-14F7-49CB-88BE-D88B59E294A0}.Debug|Any CPU.Build.0 = Debug|Any CPU
		{55E39A8B-14F7-49CB-88BE-D88B59E294A0}.Release|Any CPU.ActiveCfg = Release|Any CPU
		{55E39A8B-14F7-49CB-88BE-D88B59E294A0}.Release|Any CPU.Build.0 = Release|Any CPU
		{C09CCE9E-1EE1-44D8-B2A6-020DDE3FE21D}.Debug|Any CPU.ActiveCfg = Debug|Any CPU
		{C09CCE9E-1EE1-44D8-B2A6-020DDE3FE21D}.Debug|Any CPU.Build.0 = Debug|Any CPU
		{C09CCE9E-1EE1-44D8-B2A6-020DDE3FE21D}.Release|Any CPU.ActiveCfg = Release|Any CPU
		{C09CCE9E-1EE1-44D8-B2A6-020DDE3FE21D}.Release|Any CPU.Build.0 = Release|Any CPU
		{B439BB04-2F4D-4BE0-BAE5-467AEF654F5D}.Debug|Any CPU.ActiveCfg = Debug|Any CPU
		{B439BB04-2F4D-4BE0-BAE5-467AEF654F5D}.Debug|Any CPU.Build.0 = Debug|Any CPU
		{B439BB04-2F4D-4BE0-BAE5-467AEF654F5D}.Release|Any CPU.ActiveCfg = Release|Any CPU
		{B439BB04-2F4D-4BE0-BAE5-467AEF654F5D}.Release|Any CPU.Build.0 = Release|Any CPU
	EndGlobalSection
	GlobalSection(SolutionProperties) = preSolution
		HideSolutionNode = FALSE
	EndGlobalSection
	GlobalSection(NestedProjects) = preSolution
		{7AB9B738-95C1-4B3D-8F18-C16A945F42D4} = {2A707CE7-1249-4CBB-AEF1-E420C976C354}
		{6BB443F2-0574-490B-A583-5DBFE9102095} = {2A707CE7-1249-4CBB-AEF1-E420C976C354}
		{77661461-19E0-4B35-9942-9A9A4CD389D6} = {2A707CE7-1249-4CBB-AEF1-E420C976C354}
		{55E39A8B-14F7-49CB-88BE-D88B59E294A0} = {EE37553A-DE5B-441C-8490-0DFD3767E108}
		{C09CCE9E-1EE1-44D8-B2A6-020DDE3FE21D} = {EE37553A-DE5B-441C-8490-0DFD3767E108}
		{B439BB04-2F4D-4BE0-BAE5-467AEF654F5D} = {EE37553A-DE5B-441C-8490-0DFD3767E108}
	EndGlobalSection
	GlobalSection(ExtensibilityGlobals) = postSolution
		SolutionGuid = {18E84327-32B6-4374-8801-87E16248BA37}
	EndGlobalSection
EndGlobal
